// !$*UTF8*$!
{
	archiveVersion = 1;
	classes = {
	};
	objectVersion = 50;
	objects = {

/* Begin PBXBuildFile section */
		9B1B59C023EECE620035B149 /* AppDelegate.swift in Sources */ = {isa = PBXBuildFile; fileRef = 9B1B59BF23EECE620035B149 /* AppDelegate.swift */; };
		9B1B59C423EECE620035B149 /* LoginViewController.swift in Sources */ = {isa = PBXBuildFile; fileRef = 9B1B59C323EECE620035B149 /* LoginViewController.swift */; };
		9B1B59C723EECE620035B149 /* Main.storyboard in Resources */ = {isa = PBXBuildFile; fileRef = 9B1B59C523EECE620035B149 /* Main.storyboard */; };
		9B1B59C923EECE670035B149 /* Assets.xcassets in Resources */ = {isa = PBXBuildFile; fileRef = 9B1B59C823EECE670035B149 /* Assets.xcassets */; };
		9B1B59CC23EECE670035B149 /* LaunchScreen.storyboard in Resources */ = {isa = PBXBuildFile; fileRef = 9B1B59CA23EECE670035B149 /* LaunchScreen.storyboard */; };
		9B1B59D623F050F30035B149 /* MainViewController.swift in Sources */ = {isa = PBXBuildFile; fileRef = 9B1B59D523F050F30035B149 /* MainViewController.swift */; };
		9B1B59D923F054B80035B149 /* User.swift in Sources */ = {isa = PBXBuildFile; fileRef = 9B1B59D823F054B80035B149 /* User.swift */; };
		9B1B59DB23F18C7A0035B149 /* CardViewController.swift in Sources */ = {isa = PBXBuildFile; fileRef = 9B1B59DA23F18C790035B149 /* CardViewController.swift */; };
/* End PBXBuildFile section */

/* Begin PBXFileReference section */
		9B1B59BC23EECE620035B149 /* HW2.4.app */ = {isa = PBXFileReference; explicitFileType = wrapper.application; includeInIndex = 0; path = HW2.4.app; sourceTree = BUILT_PRODUCTS_DIR; };
		9B1B59BF23EECE620035B149 /* AppDelegate.swift */ = {isa = PBXFileReference; lastKnownFileType = sourcecode.swift; path = AppDelegate.swift; sourceTree = "<group>"; };
		9B1B59C323EECE620035B149 /* LoginViewController.swift */ = {isa = PBXFileReference; lastKnownFileType = sourcecode.swift; path = LoginViewController.swift; sourceTree = "<group>"; };
		9B1B59C623EECE620035B149 /* Base */ = {isa = PBXFileReference; lastKnownFileType = file.storyboard; name = Base; path = Base.lproj/Main.storyboard; sourceTree = "<group>"; };
		9B1B59C823EECE670035B149 /* Assets.xcassets */ = {isa = PBXFileReference; lastKnownFileType = folder.assetcatalog; path = Assets.xcassets; sourceTree = "<group>"; };
		9B1B59CB23EECE670035B149 /* Base */ = {isa = PBXFileReference; lastKnownFileType = file.storyboard; name = Base; path = Base.lproj/LaunchScreen.storyboard; sourceTree = "<group>"; };
		9B1B59CD23EECE670035B149 /* Info.plist */ = {isa = PBXFileReference; lastKnownFileType = text.plist.xml; path = Info.plist; sourceTree = "<group>"; };
		9B1B59D523F050F30035B149 /* MainViewController.swift */ = {isa = PBXFileReference; lastKnownFileType = sourcecode.swift; path = MainViewController.swift; sourceTree = "<group>"; };
		9B1B59D823F054B80035B149 /* User.swift */ = {isa = PBXFileReference; lastKnownFileType = sourcecode.swift; path = User.swift; sourceTree = "<group>"; };
		9B1B59DA23F18C790035B149 /* CardViewController.swift */ = {isa = PBXFileReference; lastKnownFileType = sourcecode.swift; path = CardViewController.swift; sourceTree = "<group>"; };
/* End PBXFileReference section */

/* Begin PBXFrameworksBuildPhase section */
		9B1B59B923EECE620035B149 /* Frameworks */ = {
			isa = PBXFrameworksBuildPhase;
			buildActionMask = 2147483647;
			files = (
			);
			runOnlyForDeploymentPostprocessing = 0;
		};
/* End PBXFrameworksBuildPhase section */

/* Begin PBXGroup section */
		9B1B59B323EECE620035B149 = {
			isa = PBXGroup;
			children = (
				9B1B59BE23EECE620035B149 /* HW2.4 */,
				9B1B59BD23EECE620035B149 /* Products */,
			);
			sourceTree = "<group>";
		};
		9B1B59BD23EECE620035B149 /* Products */ = {
			isa = PBXGroup;
			children = (
				9B1B59BC23EECE620035B149 /* HW2.4.app */,
			);
			name = Products;
			sourceTree = "<group>";
		};
		9B1B59BE23EECE620035B149 /* HW2.4 */ = {
			isa = PBXGroup;
			children = (
				9B1B59D723F054A30035B149 /* Models */,
				9B1B59D423EECF030035B149 /* ViewControllers */,
				9B1B59D323EECEEA0035B149 /* Storyboards */,
				9B1B59BF23EECE620035B149 /* AppDelegate.swift */,
				9B1B59C823EECE670035B149 /* Assets.xcassets */,
				9B1B59CD23EECE670035B149 /* Info.plist */,
			);
			path = HW2.4;
			sourceTree = "<group>";
		};
		9B1B59D323EECEEA0035B149 /* Storyboards */ = {
			isa = PBXGroup;
			children = (
				9B1B59C523EECE620035B149 /* Main.storyboard */,
				9B1B59CA23EECE670035B149 /* LaunchScreen.storyboard */,
			);
			path = Storyboards;
			sourceTree = "<group>";
		};
		9B1B59D423EECF030035B149 /* ViewControllers */ = {
			isa = PBXGroup;
			children = (
				9B1B59C323EECE620035B149 /* LoginViewController.swift */,
				9B1B59D523F050F30035B149 /* MainViewController.swift */,
				9B1B59DA23F18C790035B149 /* CardViewController.swift */,
			);
			path = ViewControllers;
			sourceTree = "<group>";
		};
		9B1B59D723F054A30035B149 /* Models */ = {
			isa = PBXGroup;
			children = (
				9B1B59D823F054B80035B149 /* User.swift */,
			);
			path = Models;
			sourceTree = "<group>";
		};
/* End PBXGroup section */

/* Begin PBXNativeTarget section */
		9B1B59BB23EECE620035B149 /* HW2.4 */ = {
			isa = PBXNativeTarget;
			buildConfigurationList = 9B1B59D023EECE670035B149 /* Build configuration list for PBXNativeTarget "HW2.4" */;
			buildPhases = (
				9B1B59B823EECE620035B149 /* Sources */,
				9B1B59B923EECE620035B149 /* Frameworks */,
				9B1B59BA23EECE620035B149 /* Resources */,
			);
			buildRules = (
			);
			dependencies = (
			);
			name = HW2.4;
			productName = HW2.4;
			productReference = 9B1B59BC23EECE620035B149 /* HW2.4.app */;
			productType = "com.apple.product-type.application";
		};
/* End PBXNativeTarget section */

/* Begin PBXProject section */
		9B1B59B423EECE620035B149 /* Project object */ = {
			isa = PBXProject;
			attributes = {
				LastSwiftUpdateCheck = 1120;
				LastUpgradeCheck = 1120;
				ORGANIZATIONNAME = "Алексей Маслобоев";
				TargetAttributes = {
					9B1B59BB23EECE620035B149 = {
						CreatedOnToolsVersion = 11.2.1;
					};
				};
			};
			buildConfigurationList = 9B1B59B723EECE620035B149 /* Build configuration list for PBXProject "HW2.4" */;
			compatibilityVersion = "Xcode 9.3";
			developmentRegion = en;
			hasScannedForEncodings = 0;
			knownRegions = (
				en,
				Base,
			);
			mainGroup = 9B1B59B323EECE620035B149;
			productRefGroup = 9B1B59BD23EECE620035B149 /* Products */;
			projectDirPath = "";
			projectRoot = "";
			targets = (
				9B1B59BB23EECE620035B149 /* HW2.4 */,
			);
		};
/* End PBXProject section */

/* Begin PBXResourcesBuildPhase section */
		9B1B59BA23EECE620035B149 /* Resources */ = {
			isa = PBXResourcesBuildPhase;
			buildActionMask = 2147483647;
			files = (
				9B1B59CC23EECE670035B149 /* LaunchScreen.storyboard in Resources */,
				9B1B59C923EECE670035B149 /* Assets.xcassets in Resources */,
				9B1B59C723EECE620035B149 /* Main.storyboard in Resources */,
			);
			runOnlyForDeploymentPostprocessing = 0;
		};
/* End PBXResourcesBuildPhase section */

/* Begin PBXSourcesBuildPhase section */
		9B1B59B823EECE620035B149 /* Sources */ = {
			isa = PBXSourcesBuildPhase;
			buildActionMask = 2147483647;
			files = (
				9B1B59D923F054B80035B149 /* User.swift in Sources */,
				9B1B59D623F050F30035B149 /* MainViewController.swift in Sources */,
				9B1B59C423EECE620035B149 /* LoginViewController.swift in Sources */,
				9B1B59DB23F18C7A0035B149 /* CardViewController.swift in Sources */,
				9B1B59C023EECE620035B149 /* AppDelegate.swift in Sources */,
			);
			runOnlyForDeploymentPostprocessing = 0;
		};
/* End PBXSourcesBuildPhase section */

/* Begin PBXVariantGroup section */
		9B1B59C523EECE620035B149 /* Main.storyboard */ = {
			isa = PBXVariantGroup;
			children = (
				9B1B59C623EECE620035B149 /* Base */,
			);
			name = Main.storyboard;
			sourceTree = "<group>";
		};
		9B1B59CA23EECE670035B149 /* LaunchScreen.storyboard */ = {
			isa = PBXVariantGroup;
			children = (
				9B1B59CB23EECE670035B149 /* Base */,
			);
			name = LaunchScreen.storyboard;
			sourceTree = "<group>";
		};
/* End PBXVariantGroup section */

/* Begin XCBuildConfiguration section */
		9B1B59CE23EECE670035B149 /* Debug */ = {
			isa = XCBuildConfiguration;
			buildSettings = {
				ALWAYS_SEARCH_USER_PATHS = NO;
				CLANG_ANALYZER_NONNULL = YES;
				CLANG_ANALYZER_NUMBER_OBJECT_CONVERSION = YES_AGGRESSIVE;
				CLANG_CXX_LANGUAGE_STANDARD = "gnu++14";
				CLANG_CXX_LIBRARY = "libc++";
				CLANG_ENABLE_MODULES = YES;
				CLANG_ENABLE_OBJC_ARC = YES;
				CLANG_ENABLE_OBJC_WEAK = YES;
				CLANG_WARN_BLOCK_CAPTURE_AUTORELEASING = YES;
				CLANG_WARN_BOOL_CONVERSION = YES;
				CLANG_WARN_COMMA = YES;
				CLANG_WARN_CONSTANT_CONVERSION = YES;
				CLANG_WARN_DEPRECATED_OBJC_IMPLEMENTATIONS = YES;
				CLANG_WARN_DIRECT_OBJC_ISA_USAGE = YES_ERROR;
				CLANG_WARN_DOCUMENTATION_COMMENTS = YES;
				CLANG_WARN_EMPTY_BODY = YES;
				CLANG_WARN_ENUM_CONVERSION = YES;
				CLANG_WARN_INFINITE_RECURSION = YES;
				CLANG_WARN_INT_CONVERSION = YES;
				CLANG_WARN_NON_LITERAL_NULL_CONVERSION = YES;
				CLANG_WARN_OBJC_IMPLICIT_RETAIN_SELF = YES;
				CLANG_WARN_OBJC_LITERAL_CONVERSION = YES;
				CLANG_WARN_OBJC_ROOT_CLASS = YES_ERROR;
				CLANG_WARN_RANGE_LOOP_ANALYSIS = YES;
				CLANG_WARN_STRICT_PROTOTYPES = YES;
				CLANG_WARN_SUSPICIOUS_MOVE = YES;
				CLANG_WARN_UNGUARDED_AVAILABILITY = YES_AGGRESSIVE;
				CLANG_WARN_UNREACHABLE_CODE = YES;
				CLANG_WARN__DUPLICATE_METHOD_MATCH = YES;
				COPY_PHASE_STRIP = NO;
				DEBUG_INFORMATION_FORMAT = dwarf;
				ENABLE_STRICT_OBJC_MSGSEND = YES;
				ENABLE_TESTABILITY = YES;
				GCC_C_LANGUAGE_STANDARD = gnu11;
				GCC_DYNAMIC_NO_PIC = NO;
				GCC_NO_COMMON_BLOCKS = YES;
				GCC_OPTIMIZATION_LEVEL = 0;
				GCC_PREPROCESSOR_DEFINITIONS = (
					"DEBUG=1",
					"$(inherited)",
				);
				GCC_WARN_64_TO_32_BIT_CONVERSION = YES;
				GCC_WARN_ABOUT_RETURN_TYPE = YES_ERROR;
				GCC_WARN_UNDECLARED_SELECTOR = YES;
				GCC_WARN_UNINITIALIZED_AUTOS = YES_AGGRESSIVE;
				GCC_WARN_UNUSED_FUNCTION = YES;
				GCC_WARN_UNUSED_VARIABLE = YES;
				IPHONEOS_DEPLOYMENT_TARGET = 13.2;
				MTL_ENABLE_DEBUG_INFO = INCLUDE_SOURCE;
				MTL_FAST_MATH = YES;
				ONLY_ACTIVE_ARCH = YES;
				SDKROOT = iphoneos;
				SWIFT_ACTIVE_COMPILATION_CONDITIONS = DEBUG;
				SWIFT_OPTIMIZATION_LEVEL = "-Onone";
			};
			name = Debug;
		};
		9B1B59CF23EECE670035B149 /* Release */ = {
			isa = XCBuildConfiguration;
			buildSettings = {
				ALWAYS_SEARCH_USER_PATHS = NO;
				CLANG_ANALYZER_NONNULL = YES;
				CLANG_ANALYZER_NUMBER_OBJECT_CONVERSION = YES_AGGRESSIVE;
				CLANG_CXX_LANGUAGE_STANDARD = "gnu++14";
				CLANG_CXX_LIBRARY = "libc++";
				CLANG_ENABLE_MODULES = YES;
				CLANG_ENABLE_OBJC_ARC = YES;
				CLANG_ENABLE_OBJC_WEAK = YES;
				CLANG_WARN_BLOCK_CAPTURE_AUTORELEASING = YES;
				CLANG_WARN_BOOL_CONVERSION = YES;
				CLANG_WARN_COMMA = YES;
				CLANG_WARN_CONSTANT_CONVERSION = YES;
				CLANG_WARN_DEPRECATED_OBJC_IMPLEMENTATIONS = YES;
				CLANG_WARN_DIRECT_OBJC_ISA_USAGE = YES_ERROR;
				CLANG_WARN_DOCUMENTATION_COMMENTS = YES;
				CLANG_WARN_EMPTY_BODY = YES;
				CLANG_WARN_ENUM_CONVERSION = YES;
				CLANG_WARN_INFINITE_RECURSION = YES;
				CLANG_WARN_INT_CONVERSION = YES;
				CLANG_WARN_NON_LITERAL_NULL_CONVERSION = YES;
				CLANG_WARN_OBJC_IMPLICIT_RETAIN_SELF = YES;
				CLANG_WARN_OBJC_LITERAL_CONVERSION = YES;
				CLANG_WARN_OBJC_ROOT_CLASS = YES_ERROR;
				CLANG_WARN_RANGE_LOOP_ANALYSIS = YES;
				CLANG_WARN_STRICT_PROTOTYPES = YES;
				CLANG_WARN_SUSPICIOUS_MOVE = YES;
				CLANG_WARN_UNGUARDED_AVAILABILITY = YES_AGGRESSIVE;
				CLANG_WARN_UNREACHABLE_CODE = YES;
				CLANG_WARN__DUPLICATE_METHOD_MATCH = YES;
				COPY_PHASE_STRIP = NO;
				DEBUG_INFORMATION_FORMAT = "dwarf-with-dsym";
				ENABLE_NS_ASSERTIONS = NO;
				ENABLE_STRICT_OBJC_MSGSEND = YES;
				GCC_C_LANGUAGE_STANDARD = gnu11;
				GCC_NO_COMMON_BLOCKS = YES;
				GCC_WARN_64_TO_32_BIT_CONVERSION = YES;
				GCC_WARN_ABOUT_RETURN_TYPE = YES_ERROR;
				GCC_WARN_UNDECLARED_SELECTOR = YES;
				GCC_WARN_UNINITIALIZED_AUTOS = YES_AGGRESSIVE;
				GCC_WARN_UNUSED_FUNCTION = YES;
				GCC_WARN_UNUSED_VARIABLE = YES;
				IPHONEOS_DEPLOYMENT_TARGET = 13.2;
				MTL_ENABLE_DEBUG_INFO = NO;
				MTL_FAST_MATH = YES;
				SDKROOT = iphoneos;
				SWIFT_COMPILATION_MODE = wholemodule;
				SWIFT_OPTIMIZATION_LEVEL = "-O";
				VALIDATE_PRODUCT = YES;
			};
			name = Release;
		};
		9B1B59D123EECE670035B149 /* Debug */ = {
			isa = XCBuildConfiguration;
			buildSettings = {
				ASSETCATALOG_COMPILER_APPICON_NAME = AppIcon;
				CODE_SIGN_STYLE = Automatic;
				INFOPLIST_FILE = HW2.4/Info.plist;
				IPHONEOS_DEPLOYMENT_TARGET = 11.0;
				LD_RUNPATH_SEARCH_PATHS = (
					"$(inherited)",
					"@executable_path/Frameworks",
				);
				PRODUCT_BUNDLE_IDENTIFIER = "ru.smartdragon.HW2-4";
				PRODUCT_NAME = "$(TARGET_NAME)";
				SWIFT_VERSION = 5.0;
				TARGETED_DEVICE_FAMILY = 1;
			};
			name = Debug;
		};
		9B1B59D223EECE670035B149 /* Release */ = {
			isa = XCBuildConfiguration;
			buildSettings = {
				ASSETCATALOG_COMPILER_APPICON_NAME = AppIcon;
				CODE_SIGN_STYLE = Automatic;
				INFOPLIST_FILE = HW2.4/Info.plist;
				IPHONEOS_DEPLOYMENT_TARGET = 11.0;
				LD_RUNPATH_SEARCH_PATHS = (
					"$(inherited)",
					"@executable_path/Frameworks",
				);
				PRODUCT_BUNDLE_IDENTIFIER = "ru.smartdragon.HW2-4";
				PRODUCT_NAME = "$(TARGET_NAME)";
				SWIFT_VERSION = 5.0;
				TARGETED_DEVICE_FAMILY = 1;
			};
			name = Release;
		};
/* End XCBuildConfiguration section */

/* Begin XCConfigurationList section */
		9B1B59B723EECE620035B149 /* Build configuration list for PBXProject "HW2.4" */ = {
			isa = XCConfigurationList;
			buildConfigurations = (
				9B1B59CE23EECE670035B149 /* Debug */,
				9B1B59CF23EECE670035B149 /* Release */,
			);
			defaultConfigurationIsVisible = 0;
			defaultConfigurationName = Release;
		};
		9B1B59D023EECE670035B149 /* Build configuration list for PBXNativeTarget "HW2.4" */ = {
			isa = XCConfigurationList;
			buildConfigurations = (
				9B1B59D123EECE670035B149 /* Debug */,
				9B1B59D223EECE670035B149 /* Release */,
			);
			defaultConfigurationIsVisible = 0;
			defaultConfigurationName = Release;
		};
/* End XCConfigurationList section */
	};
	rootObject = 9B1B59B423EECE620035B149 /* Project object */;
}
